{
    "name": "basecoat-mcp",
    "version": "0.4.3",
    "lockfileVersion": 3,
    "requires": true,
    "packages": {
        "": {
            "name": "basecoat-mcp",
            "version": "0.4.3",
            "dependencies": {
                "@modelcontextprotocol/server": "2.0.0",
                "zod": "4.3.6"
            },
            "bin": {
                "basecoat-mcp": "index.js"
            }
        },
        "node_modules/@modelcontextprotocol/core": {
            "version": "2.0.0",
            "integrity": "sha512-pJCEwGG7Lfr/+PQp9ZTwKXNeO5wzbfKL7H3MYpCorM4oFBoQrdjnBgEoqG+RjhsvS1FKrDbKux+M1HhlnGWqcA==",
            "license": "MIT",
            "dependencies": {
                "zod": "^4.2.0"
            },
            "engines": {
                "node": ">=20"
            }
        },
        "node_modules/@modelcontextprotocol/server": {
            "version": "2.0.0",
            "integrity": "sha512-YhHWdHfpFMQfd0prsEnxKeS3Qz3ytIGmsS0sth4KDjnacIT7hxk6hXHkJ9KysxlkvTM+WZAtQbbcUhdoP4Hvtw==",
            "license": "MIT",
            "dependencies": {
                "@modelcontextprotocol/core": "2.0.0",
                "zod": "^4.2.0"
            },
            "engines": {
                "node": ">=20"
            }
        },
        "node_modules/zod": {
            "version": "4.3.6",
            "integrity": "sha512-rftlrkhHZOcjDwkGlnUtZZkvaPHCsDATp4pGpuOOMDaTdDDXF91wuVDJoWoPsKX/3YPQ5fHuF3STjcYyKr+Qhg==",
            "license": "MIT",
            "funding": {
                "url": "https://github.com/sponsors/colinhacks"
            }
        }
    }
}
